
Microsoft Visual Studio Solution File, Format Version 12.00
# Visual Studio Version 16
VisualStudioVersion = 16.0.30011.22
MinimumVisualStudioVersion = 10.0.40219.1
Project("{FAE04EC0-301F-11D3-BF4B-00C04F79EFBC}") = "VectorClock", "VectorClock\VectorClock.csproj", "{3C6E1E05-9F51-47E4-977E-941CA68F28AD}"
EndProject
Project("{FAE04EC0-301F-11D3-BF4B-00C04F79EFBC}") = "test", "test\test.csproj", "{44C54FFA-B27C-4585-B5BF-F2E72A1A83AF}"
EndProject
Global
	GlobalSection(SolutionConfigurationPlatforms) = preSolution
		Debug|Any CPU = Debug|Any CPU
		Release|Any CPU = Release|Any CPU
	EndGlobalSection
	GlobalSection(ProjectConfigurationPlatforms) = postSolution
		{3C6E1E05-9F51-47E4-977E-941CA68F28AD}.Debug|Any CPU.ActiveCfg = Debug|Any CPU
		{3C6E1E05-9F51-47E4-977E-941CA68F28AD}.Debug|Any CPU.Build.0 = Debug|Any CPU
		{3C6E1E05-9F51-47E4-977E-941CA68F28AD}.Release|Any CPU.ActiveCfg = Release|Any CPU
		{3C6E1E05-9F51-47E4-977E-941CA68F28AD}.Release|Any CPU.Build.0 = Release|Any CPU
		{44C54FFA-B27C-4585-B5BF-F2E72A1A83AF}.Debug|Any CPU.ActiveCfg = Debug|Any CPU
		{44C54FFA-B27C-4585-B5BF-F2E72A1A83AF}.Debug|Any CPU.Build.0 = Debug|Any CPU
		{44C54FFA-B27C-4585-B5BF-F2E72A1A83AF}.Release|Any CPU.ActiveCfg = Release|Any CPU
		{44C54FFA-B27C-4585-B5BF-F2E72A1A83AF}.Release|Any CPU.Build.0 = Release|Any CPU
	EndGlobalSection
	GlobalSection(SolutionProperties) = preSolution
		HideSolutionNode = FALSE
	EndGlobalSection
	GlobalSection(ExtensibilityGlobals) = postSolution
		SolutionGuid = {AB933029-7D46-409D-A64F-F59CC0BA8218}
	EndGlobalSection
EndGlobal
